<?xml version="1.0" encoding="utf-8"?>
<Project ToolsVersion="Current" xmlns="http://schemas.microsoft.com/developer/msbuild/2003">
  <ItemGroup>
    <Filter Include="src">
      <UniqueIdentifier>{21978a7c-f284-401c-9928-3f6bd091ec97}</UniqueIdentifier>
    </Filter>
  </ItemGroup>
  <ItemGroup>
    <ClCompile Include="src\Demo.cpp">
      <Filter>src</Filter>
    </ClCompile>
  </ItemGroup>
</Project>