<?xml version="1.0" encoding="utf-8"?>
<Project ToolsVersion="4.0" xmlns="http://schemas.microsoft.com/developer/msbuild/2003">
  <ItemGroup>
    <Filter Include="src">
      <UniqueIdentifier>{4FC737F1-C7A5-4376-A066-2A32D752A2FF}</UniqueIdentifier>
      <Extensions>cpp;c;cc;cxx;c++;cppm;ixx;def;odl;idl;hpj;bat;asm;asmx</Extensions>
    </Filter>
    <Filter Include="src\include">
      <UniqueIdentifier>{073a3803-4cb6-4a4f-87a2-01b7acf55ede}</UniqueIdentifier>
    </Filter>
    <Filter Include="src\include\WG">
      <UniqueIdentifier>{06443a8f-ac5d-49f4-8d19-c798c8da6c2a}</UniqueIdentifier>
    </Filter>
  </ItemGroup>
  <ItemGroup>
    <ClCompile Include="src\pch.cpp">
      <Filter>src</Filter>
    </ClCompile>
    <ClCompile Include="src\Logger.cpp">
      <Filter>src</Filter>
    </ClCompile>
    <ClCompile Include="src\InfoQueue.cpp">
      <Filter>src</Filter>
    </ClCompile>
  </ItemGroup>
  <ItemGroup>
    <ClInclude Include="src\pch.h">
      <Filter>src</Filter>
    </ClInclude>
    <ClInclude Include="src\Logger.h">
      <Filter>src</Filter>
    </ClInclude>
    <ClInclude Include="src\InfoQueue.h">
      <Filter>src</Filter>
    </ClInclude>
    <ClInclude Include="src\include\WG\Engine.h">
      <Filter>src\include\WG</Filter>
    </ClInclude>
  </ItemGroup>
</Project>